
Microsoft Visual Studio Solution File, Format Version 11.00
# Visual Studio 2010
Project("{FAE04EC0-301F-11D3-BF4B-00C04F79EFBC}") = "FtpServer", "FtpServer.csproj", "{5ECCCF36-6311-4D0D-9F67-4FE0C438863C}"
EndProject
Global
	GlobalSection(SolutionConfigurationPlatforms) = preSolution
		Debug|x86 = Debug|x86
		Release|x86 = Release|x86
	EndGlobalSection
	GlobalSection(ProjectConfigurationPlatforms) = postSolution
		{5ECCCF36-6311-4D0D-9F67-4FE0C438863C}.Debug|x86.ActiveCfg = Debug|x86
		{5ECCCF36-6311-4D0D-9F67-4FE0C438863C}.Debug|x86.Build.0 = Debug|x86
		{5ECCCF36-6311-4D0D-9F67-4FE0C438863C}.Release|x86.ActiveCfg = Release|x86
		{5ECCCF36-6311-4D0D-9F67-4FE0C438863C}.Release|x86.Build.0 = Release|x86
	EndGlobalSection
	GlobalSection(SolutionProperties) = preSolution
		HideSolutionNode = FALSE
	EndGlobalSection
EndGlobal
